
Microsoft Visual Studio Solution File, Format Version 12.00
# Visual Studio 2013
VisualStudioVersion = 12.0.31101.0
MinimumVisualStudioVersion = 10.0.40219.1
Project("{FAE04EC0-301F-11D3-BF4B-00C04F79EFBC}") = "FroniusSolarApi.Net", "FroniusSolarApi.Net\FroniusSolarApi.Net.csproj", "{387D39C9-5184-459F-903B-0AB1FC445590}"
EndProject
Project("{FAE04EC0-301F-11D3-BF4B-00C04F79EFBC}") = "FroniusSolarApi.Net.TestConsole", "FroniusSolarApi.Net.TestConsole\FroniusSolarApi.Net.TestConsole.csproj", "{77033BA4-BFBE-4695-AB1E-51649E2D4B36}"
EndProject
Global
	GlobalSection(SolutionConfigurationPlatforms) = preSolution
		Debug|Any CPU = Debug|Any CPU
		Release|Any CPU = Release|Any CPU
	EndGlobalSection
	GlobalSection(ProjectConfigurationPlatforms) = postSolution
		{387D39C9-5184-459F-903B-0AB1FC445590}.Debug|Any CPU.ActiveCfg = Debug|Any CPU
		{387D39C9-5184-459F-903B-0AB1FC445590}.Debug|Any CPU.Build.0 = Debug|Any CPU
		{387D39C9-5184-459F-903B-0AB1FC445590}.Release|Any CPU.ActiveCfg = Release|Any CPU
		{387D39C9-5184-459F-903B-0AB1FC445590}.Release|Any CPU.Build.0 = Release|Any CPU
		{77033BA4-BFBE-4695-AB1E-51649E2D4B36}.Debug|Any CPU.ActiveCfg = Debug|Any CPU
		{77033BA4-BFBE-4695-AB1E-51649E2D4B36}.Debug|Any CPU.Build.0 = Debug|Any CPU
		{77033BA4-BFBE-4695-AB1E-51649E2D4B36}.Release|Any CPU.ActiveCfg = Release|Any CPU
		{77033BA4-BFBE-4695-AB1E-51649E2D4B36}.Release|Any CPU.Build.0 = Release|Any CPU
	EndGlobalSection
	GlobalSection(SolutionProperties) = preSolution
		HideSolutionNode = FALSE
	EndGlobalSection
EndGlobal
